
Microsoft Visual Studio Solution File, Format Version 12.00
# Visual Studio 15
VisualStudioVersion = 15.0.28010.2050
MinimumVisualStudioVersion = 10.0.40219.1
Project("{FAE04EC0-301F-11D3-BF4B-00C04F79EFBC}") = "ATM", "ATM\ATM.csproj", "{1C9C6720-6276-4B3C-90EA-4FD4C3519CBA}"
EndProject
Global
	GlobalSection(SolutionConfigurationPlatforms) = preSolution
		Debug|Any CPU = Debug|Any CPU
		Release|Any CPU = Release|Any CPU
	EndGlobalSection
	GlobalSection(ProjectConfigurationPlatforms) = postSolution
		{1C9C6720-6276-4B3C-90EA-4FD4C3519CBA}.Debug|Any CPU.ActiveCfg = Debug|Any CPU
		{1C9C6720-6276-4B3C-90EA-4FD4C3519CBA}.Debug|Any CPU.Build.0 = Debug|Any CPU
		{1C9C6720-6276-4B3C-90EA-4FD4C3519CBA}.Release|Any CPU.ActiveCfg = Release|Any CPU
		{1C9C6720-6276-4B3C-90EA-4FD4C3519CBA}.Release|Any CPU.Build.0 = Release|Any CPU
	EndGlobalSection
	GlobalSection(SolutionProperties) = preSolution
		HideSolutionNode = FALSE
	EndGlobalSection
	GlobalSection(ExtensibilityGlobals) = postSolution
		SolutionGuid = {42012DE9-43C8-4E20-890A-EA502A30FB7D}
	EndGlobalSection
EndGlobal
