
Microsoft Visual Studio Solution File, Format Version 12.00
# Visual Studio 15
VisualStudioVersion = 15.0.27703.2047
MinimumVisualStudioVersion = 10.0.40219.1
Project("{FAE04EC0-301F-11D3-BF4B-00C04F79EFBC}") = "Lift", "Lift\Lift.csproj", "{5942F46D-329E-4B1B-80B4-1DD5B64E8B5B}"
EndProject
Global
	GlobalSection(SolutionConfigurationPlatforms) = preSolution
		Debug|Any CPU = Debug|Any CPU
		Release|Any CPU = Release|Any CPU
	EndGlobalSection
	GlobalSection(ProjectConfigurationPlatforms) = postSolution
		{5942F46D-329E-4B1B-80B4-1DD5B64E8B5B}.Debug|Any CPU.ActiveCfg = Debug|Any CPU
		{5942F46D-329E-4B1B-80B4-1DD5B64E8B5B}.Debug|Any CPU.Build.0 = Debug|Any CPU
		{5942F46D-329E-4B1B-80B4-1DD5B64E8B5B}.Release|Any CPU.ActiveCfg = Release|Any CPU
		{5942F46D-329E-4B1B-80B4-1DD5B64E8B5B}.Release|Any CPU.Build.0 = Release|Any CPU
	EndGlobalSection
	GlobalSection(SolutionProperties) = preSolution
		HideSolutionNode = FALSE
	EndGlobalSection
	GlobalSection(ExtensibilityGlobals) = postSolution
		SolutionGuid = {19D39217-E8CC-464A-ACBE-FC0368EC1F15}
	EndGlobalSection
EndGlobal
