
Microsoft Visual Studio Solution File, Format Version 12.00
# Visual Studio 15
VisualStudioVersion = 15.0.27428.2027
MinimumVisualStudioVersion = 10.0.40219.1
Project("{FAE04EC0-301F-11D3-BF4B-00C04F79EFBC}") = "HotNCold", "HotNCold\HotNCold.csproj", "{D4D8FC05-CFB5-4629-B918-D9EA246BEAB7}"
EndProject
Global
	GlobalSection(SolutionConfigurationPlatforms) = preSolution
		Debug|Any CPU = Debug|Any CPU
		Release|Any CPU = Release|Any CPU
	EndGlobalSection
	GlobalSection(ProjectConfigurationPlatforms) = postSolution
		{D4D8FC05-CFB5-4629-B918-D9EA246BEAB7}.Debug|Any CPU.ActiveCfg = Debug|Any CPU
		{D4D8FC05-CFB5-4629-B918-D9EA246BEAB7}.Debug|Any CPU.Build.0 = Debug|Any CPU
		{D4D8FC05-CFB5-4629-B918-D9EA246BEAB7}.Release|Any CPU.ActiveCfg = Release|Any CPU
		{D4D8FC05-CFB5-4629-B918-D9EA246BEAB7}.Release|Any CPU.Build.0 = Release|Any CPU
	EndGlobalSection
	GlobalSection(SolutionProperties) = preSolution
		HideSolutionNode = FALSE
	EndGlobalSection
	GlobalSection(ExtensibilityGlobals) = postSolution
		SolutionGuid = {DF76C6D0-7B7B-4579-B0F3-CFED15FBFCA9}
	EndGlobalSection
EndGlobal
